{
  "originHash" : "67662cdbec8bc5b763539e379b3c21332b6dedbb0de993c962623beacaa7be73",
  "pins" : [
    {
      "identity" : "swift-log",
      "kind" : "remoteSourceControl",
      "location" : "https://github.com/apple/swift-log",
      "state" : {
        "revision" : "a012e0ad8a8a72de92b0e008c81a9b793f70e73a",
        "version" : "1.12.1"
      }
    }
  ],
  "version" : 3
}
